
Microsoft Visual Studio Solution File, Format Version 12.00
# Visual Studio 2012
Project("{FAE04EC0-301F-11D3-BF4B-00C04F79EFBC}") = "suma_multiplos_3_5", "suma_multiplos_3_5\suma_multiplos_3_5.csproj", "{F2F9B10F-CD54-4105-BBDA-4E5FAB77B808}"
EndProject
Global
	GlobalSection(SolutionConfigurationPlatforms) = preSolution
		Debug|x86 = Debug|x86
		Release|x86 = Release|x86
	EndGlobalSection
	GlobalSection(ProjectConfigurationPlatforms) = postSolution
		{F2F9B10F-CD54-4105-BBDA-4E5FAB77B808}.Debug|x86.ActiveCfg = Debug|x86
		{F2F9B10F-CD54-4105-BBDA-4E5FAB77B808}.Debug|x86.Build.0 = Debug|x86
		{F2F9B10F-CD54-4105-BBDA-4E5FAB77B808}.Release|x86.ActiveCfg = Release|x86
		{F2F9B10F-CD54-4105-BBDA-4E5FAB77B808}.Release|x86.Build.0 = Release|x86
	EndGlobalSection
EndGlobal
